
Microsoft Visual Studio Solution File, Format Version 12.00
# Visual Studio Version 17
VisualStudioVersion = 17.14.36705.20
MinimumVisualStudioVersion = 10.0.40219.1
Project("{FAE04EC0-301F-11D3-BF4B-00C04F79EFBC}") = "Day1", "Day1\Day1.csproj", "{B9C6E0AA-9D6D-41C2-83A3-3395E4125DBB}"
EndProject
Project("{FAE04EC0-301F-11D3-BF4B-00C04F79EFBC}") = "Day2", "Day2\Day2.csproj", "{3E61A5B7-2BB8-4181-A895-7730301E3561}"
EndProject
Project("{FAE04EC0-301F-11D3-BF4B-00C04F79EFBC}") = "Day3", "Day3\Day3.csproj", "{73FE0B58-DBB3-40CA-8D44-57F6026E7D2E}"
EndProject
Project("{FAE04EC0-301F-11D3-BF4B-00C04F79EFBC}") = "Day4", "Day4\Day4.csproj", "{A6131100-2292-4AB7-93FA-01A4216579D4}"
EndProject
Project("{FAE04EC0-301F-11D3-BF4B-00C04F79EFBC}") = "Day5", "Day5\Day5.csproj", "{83C1F9FE-1DDF-4106-8A72-351274D03B99}"
EndProject
Global
	GlobalSection(SolutionConfigurationPlatforms) = preSolution
		Debug|Any CPU = Debug|Any CPU
		Release|Any CPU = Release|Any CPU
	EndGlobalSection
	GlobalSection(ProjectConfigurationPlatforms) = postSolution
		{B9C6E0AA-9D6D-41C2-83A3-3395E4125DBB}.Debug|Any CPU.ActiveCfg = Debug|Any CPU
		{B9C6E0AA-9D6D-41C2-83A3-3395E4125DBB}.Debug|Any CPU.Build.0 = Debug|Any CPU
		{B9C6E0AA-9D6D-41C2-83A3-3395E4125DBB}.Release|Any CPU.ActiveCfg = Release|Any CPU
		{B9C6E0AA-9D6D-41C2-83A3-3395E4125DBB}.Release|Any CPU.Build.0 = Release|Any CPU
		{3E61A5B7-2BB8-4181-A895-7730301E3561}.Debug|Any CPU.ActiveCfg = Debug|Any CPU
		{3E61A5B7-2BB8-4181-A895-7730301E3561}.Debug|Any CPU.Build.0 = Debug|Any CPU
		{3E61A5B7-2BB8-4181-A895-7730301E3561}.Release|Any CPU.ActiveCfg = Release|Any CPU
		{3E61A5B7-2BB8-4181-A895-7730301E3561}.Release|Any CPU.Build.0 = Release|Any CPU
		{73FE0B58-DBB3-40CA-8D44-57F6026E7D2E}.Debug|Any CPU.ActiveCfg = Debug|Any CPU
		{73FE0B58-DBB3-40CA-8D44-57F6026E7D2E}.Debug|Any CPU.Build.0 = Debug|Any CPU
		{73FE0B58-DBB3-40CA-8D44-57F6026E7D2E}.Release|Any CPU.ActiveCfg = Release|Any CPU
		{73FE0B58-DBB3-40CA-8D44-57F6026E7D2E}.Release|Any CPU.Build.0 = Release|Any CPU
		{A6131100-2292-4AB7-93FA-01A4216579D4}.Debug|Any CPU.ActiveCfg = Debug|Any CPU
		{A6131100-2292-4AB7-93FA-01A4216579D4}.Debug|Any CPU.Build.0 = Debug|Any CPU
		{A6131100-2292-4AB7-93FA-01A4216579D4}.Release|Any CPU.ActiveCfg = Release|Any CPU
		{A6131100-2292-4AB7-93FA-01A4216579D4}.Release|Any CPU.Build.0 = Release|Any CPU
		{83C1F9FE-1DDF-4106-8A72-351274D03B99}.Debug|Any CPU.ActiveCfg = Debug|Any CPU
		{83C1F9FE-1DDF-4106-8A72-351274D03B99}.Debug|Any CPU.Build.0 = Debug|Any CPU
		{83C1F9FE-1DDF-4106-8A72-351274D03B99}.Release|Any CPU.ActiveCfg = Release|Any CPU
		{83C1F9FE-1DDF-4106-8A72-351274D03B99}.Release|Any CPU.Build.0 = Release|Any CPU
	EndGlobalSection
	GlobalSection(SolutionProperties) = preSolution
		HideSolutionNode = FALSE
	EndGlobalSection
	GlobalSection(ExtensibilityGlobals) = postSolution
		SolutionGuid = {F7A44BE9-0F61-4102-AE41-C6DF7F83CD8E}
	EndGlobalSection
EndGlobal
